
Microsoft Visual Studio Solution File, Format Version 12.00
# Visual Studio Version 17
VisualStudioVersion = 17.4.33110.190
MinimumVisualStudioVersion = 10.0.40219.1
Project("{FAE04EC0-301F-11D3-BF4B-00C04F79EFBC}") = "Practica6.Android", "Practica6\Practica6.Android\Practica6.Android.csproj", "{55AEBEFD-A132-4E62-A781-BEE51C2A62BB}"
EndProject
Project("{FAE04EC0-301F-11D3-BF4B-00C04F79EFBC}") = "Practica6", "Practica6\Practica6\Practica6.csproj", "{A10DE7EC-EF85-4F5A-AF92-8C4B42500451}"
EndProject
Global
	GlobalSection(SolutionConfigurationPlatforms) = preSolution
		Debug|Any CPU = Debug|Any CPU
		Release|Any CPU = Release|Any CPU
	EndGlobalSection
	GlobalSection(ProjectConfigurationPlatforms) = postSolution
		{55AEBEFD-A132-4E62-A781-BEE51C2A62BB}.Debug|Any CPU.ActiveCfg = Debug|Any CPU
		{55AEBEFD-A132-4E62-A781-BEE51C2A62BB}.Debug|Any CPU.Build.0 = Debug|Any CPU
		{55AEBEFD-A132-4E62-A781-BEE51C2A62BB}.Debug|Any CPU.Deploy.0 = Debug|Any CPU
		{55AEBEFD-A132-4E62-A781-BEE51C2A62BB}.Release|Any CPU.ActiveCfg = Release|Any CPU
		{55AEBEFD-A132-4E62-A781-BEE51C2A62BB}.Release|Any CPU.Build.0 = Release|Any CPU
		{55AEBEFD-A132-4E62-A781-BEE51C2A62BB}.Release|Any CPU.Deploy.0 = Release|Any CPU
		{A10DE7EC-EF85-4F5A-AF92-8C4B42500451}.Debug|Any CPU.ActiveCfg = Debug|Any CPU
		{A10DE7EC-EF85-4F5A-AF92-8C4B42500451}.Debug|Any CPU.Build.0 = Debug|Any CPU
		{A10DE7EC-EF85-4F5A-AF92-8C4B42500451}.Debug|Any CPU.Deploy.0 = Debug|Any CPU
		{A10DE7EC-EF85-4F5A-AF92-8C4B42500451}.Release|Any CPU.ActiveCfg = Release|Any CPU
		{A10DE7EC-EF85-4F5A-AF92-8C4B42500451}.Release|Any CPU.Build.0 = Release|Any CPU
		{A10DE7EC-EF85-4F5A-AF92-8C4B42500451}.Release|Any CPU.Deploy.0 = Release|Any CPU
	EndGlobalSection
	GlobalSection(SolutionProperties) = preSolution
		HideSolutionNode = FALSE
	EndGlobalSection
	GlobalSection(ExtensibilityGlobals) = postSolution
		SolutionGuid = {1BB9099D-B0F2-40B5-8A62-C7B93718A677}
	EndGlobalSection
EndGlobal
