
Microsoft Visual Studio Solution File, Format Version 12.00
# Visual Studio Version 17
VisualStudioVersion = 17.4.33110.190
MinimumVisualStudioVersion = 10.0.40219.1
Project("{FAE04EC0-301F-11D3-BF4B-00C04F79EFBC}") = "AppRaidoB.Android", "AppRaidoB\AppRaidoB.Android\AppRaidoB.Android.csproj", "{21E491C5-4478-4AD7-97B7-79AC1B5BE875}"
EndProject
Project("{FAE04EC0-301F-11D3-BF4B-00C04F79EFBC}") = "AppRaidoB.iOS", "AppRaidoB\AppRaidoB.iOS\AppRaidoB.iOS.csproj", "{648D4367-31BF-483C-9047-9FBD1679E50C}"
EndProject
Project("{FAE04EC0-301F-11D3-BF4B-00C04F79EFBC}") = "AppRaidoB", "AppRaidoB\AppRaidoB\AppRaidoB.csproj", "{772F1253-4579-4475-923F-77C5F57446A8}"
EndProject
Global
	GlobalSection(SolutionConfigurationPlatforms) = preSolution
		Debug|Any CPU = Debug|Any CPU
		Debug|iPhone = Debug|iPhone
		Debug|iPhoneSimulator = Debug|iPhoneSimulator
		Release|Any CPU = Release|Any CPU
		Release|iPhone = Release|iPhone
		Release|iPhoneSimulator = Release|iPhoneSimulator
	EndGlobalSection
	GlobalSection(ProjectConfigurationPlatforms) = postSolution
		{21E491C5-4478-4AD7-97B7-79AC1B5BE875}.Debug|Any CPU.ActiveCfg = Debug|Any CPU
		{21E491C5-4478-4AD7-97B7-79AC1B5BE875}.Debug|Any CPU.Build.0 = Debug|Any CPU
		{21E491C5-4478-4AD7-97B7-79AC1B5BE875}.Debug|Any CPU.Deploy.0 = Debug|Any CPU
		{21E491C5-4478-4AD7-97B7-79AC1B5BE875}.Debug|iPhone.ActiveCfg = Debug|Any CPU
		{21E491C5-4478-4AD7-97B7-79AC1B5BE875}.Debug|iPhone.Build.0 = Debug|Any CPU
		{21E491C5-4478-4AD7-97B7-79AC1B5BE875}.Debug|iPhone.Deploy.0 = Debug|Any CPU
		{21E491C5-4478-4AD7-97B7-79AC1B5BE875}.Debug|iPhoneSimulator.ActiveCfg = Debug|Any CPU
		{21E491C5-4478-4AD7-97B7-79AC1B5BE875}.Debug|iPhoneSimulator.Build.0 = Debug|Any CPU
		{21E491C5-4478-4AD7-97B7-79AC1B5BE875}.Debug|iPhoneSimulator.Deploy.0 = Debug|Any CPU
		{21E491C5-4478-4AD7-97B7-79AC1B5BE875}.Release|Any CPU.ActiveCfg = Release|Any CPU
		{21E491C5-4478-4AD7-97B7-79AC1B5BE875}.Release|Any CPU.Build.0 = Release|Any CPU
		{21E491C5-4478-4AD7-97B7-79AC1B5BE875}.Release|Any CPU.Deploy.0 = Release|Any CPU
		{21E491C5-4478-4AD7-97B7-79AC1B5BE875}.Release|iPhone.ActiveCfg = Release|Any CPU
		{21E491C5-4478-4AD7-97B7-79AC1B5BE875}.Release|iPhone.Build.0 = Release|Any CPU
		{21E491C5-4478-4AD7-97B7-79AC1B5BE875}.Release|iPhone.Deploy.0 = Release|Any CPU
		{21E491C5-4478-4AD7-97B7-79AC1B5BE875}.Release|iPhoneSimulator.ActiveCfg = Release|Any CPU
		{21E491C5-4478-4AD7-97B7-79AC1B5BE875}.Release|iPhoneSimulator.Build.0 = Release|Any CPU
		{21E491C5-4478-4AD7-97B7-79AC1B5BE875}.Release|iPhoneSimulator.Deploy.0 = Release|Any CPU
		{648D4367-31BF-483C-9047-9FBD1679E50C}.Debug|Any CPU.ActiveCfg = Debug|iPhone
		{648D4367-31BF-483C-9047-9FBD1679E50C}.Debug|Any CPU.Build.0 = Debug|iPhone
		{648D4367-31BF-483C-9047-9FBD1679E50C}.Debug|Any CPU.Deploy.0 = Debug|iPhone
		{648D4367-31BF-483C-9047-9FBD1679E50C}.Debug|iPhone.ActiveCfg = Debug|iPhone
		{648D4367-31BF-483C-9047-9FBD1679E50C}.Debug|iPhone.Build.0 = Debug|iPhone
		{648D4367-31BF-483C-9047-9FBD1679E50C}.Debug|iPhone.Deploy.0 = Debug|iPhone
		{648D4367-31BF-483C-9047-9FBD1679E50C}.Debug|iPhoneSimulator.ActiveCfg = Debug|iPhoneSimulator
		{648D4367-31BF-483C-9047-9FBD1679E50C}.Debug|iPhoneSimulator.Build.0 = Debug|iPhoneSimulator
		{648D4367-31BF-483C-9047-9FBD1679E50C}.Debug|iPhoneSimulator.Deploy.0 = Debug|iPhoneSimulator
		{648D4367-31BF-483C-9047-9FBD1679E50C}.Release|Any CPU.ActiveCfg = Release|iPhoneSimulator
		{648D4367-31BF-483C-9047-9FBD1679E50C}.Release|Any CPU.Build.0 = Release|iPhoneSimulator
		{648D4367-31BF-483C-9047-9FBD1679E50C}.Release|Any CPU.Deploy.0 = Release|iPhoneSimulator
		{648D4367-31BF-483C-9047-9FBD1679E50C}.Release|iPhone.ActiveCfg = Release|iPhone
		{648D4367-31BF-483C-9047-9FBD1679E50C}.Release|iPhone.Build.0 = Release|iPhone
		{648D4367-31BF-483C-9047-9FBD1679E50C}.Release|iPhone.Deploy.0 = Release|iPhone
		{648D4367-31BF-483C-9047-9FBD1679E50C}.Release|iPhoneSimulator.ActiveCfg = Release|iPhoneSimulator
		{648D4367-31BF-483C-9047-9FBD1679E50C}.Release|iPhoneSimulator.Build.0 = Release|iPhoneSimulator
		{648D4367-31BF-483C-9047-9FBD1679E50C}.Release|iPhoneSimulator.Deploy.0 = Release|iPhoneSimulator
		{772F1253-4579-4475-923F-77C5F57446A8}.Debug|Any CPU.ActiveCfg = Debug|Any CPU
		{772F1253-4579-4475-923F-77C5F57446A8}.Debug|Any CPU.Build.0 = Debug|Any CPU
		{772F1253-4579-4475-923F-77C5F57446A8}.Debug|Any CPU.Deploy.0 = Debug|Any CPU
		{772F1253-4579-4475-923F-77C5F57446A8}.Debug|iPhone.ActiveCfg = Debug|Any CPU
		{772F1253-4579-4475-923F-77C5F57446A8}.Debug|iPhone.Build.0 = Debug|Any CPU
		{772F1253-4579-4475-923F-77C5F57446A8}.Debug|iPhone.Deploy.0 = Debug|Any CPU
		{772F1253-4579-4475-923F-77C5F57446A8}.Debug|iPhoneSimulator.ActiveCfg = Debug|Any CPU
		{772F1253-4579-4475-923F-77C5F57446A8}.Debug|iPhoneSimulator.Build.0 = Debug|Any CPU
		{772F1253-4579-4475-923F-77C5F57446A8}.Debug|iPhoneSimulator.Deploy.0 = Debug|Any CPU
		{772F1253-4579-4475-923F-77C5F57446A8}.Release|Any CPU.ActiveCfg = Release|Any CPU
		{772F1253-4579-4475-923F-77C5F57446A8}.Release|Any CPU.Build.0 = Release|Any CPU
		{772F1253-4579-4475-923F-77C5F57446A8}.Release|Any CPU.Deploy.0 = Release|Any CPU
		{772F1253-4579-4475-923F-77C5F57446A8}.Release|iPhone.ActiveCfg = Release|Any CPU
		{772F1253-4579-4475-923F-77C5F57446A8}.Release|iPhone.Build.0 = Release|Any CPU
		{772F1253-4579-4475-923F-77C5F57446A8}.Release|iPhone.Deploy.0 = Release|Any CPU
		{772F1253-4579-4475-923F-77C5F57446A8}.Release|iPhoneSimulator.ActiveCfg = Release|Any CPU
		{772F1253-4579-4475-923F-77C5F57446A8}.Release|iPhoneSimulator.Build.0 = Release|Any CPU
		{772F1253-4579-4475-923F-77C5F57446A8}.Release|iPhoneSimulator.Deploy.0 = Release|Any CPU
	EndGlobalSection
	GlobalSection(SolutionProperties) = preSolution
		HideSolutionNode = FALSE
	EndGlobalSection
	GlobalSection(ExtensibilityGlobals) = postSolution
		SolutionGuid = {246D7036-2074-4CEF-9CB7-2A7F475EB98C}
	EndGlobalSection
EndGlobal
